{
  "nodes": {
    "clin": {
      "inputs": {
        "nixpkgs": [
          "nixpkgs"
        ]
      },
      "locked": {
        "lastModified": 1789905221,
        "narHash": "sha256-LtT7/sV87Vd6ReuXXac5LBvD6bcDZtBUGVjVR1CnKEc=",
        "owner": "reekta92",
        "repo": "clin-rs",
        "rev": "9df440d7a50aff6dfdfc29e02a92b1926e6ae8ef",
        "type": "github"
      },
      "original": {
        "owner": "reekta92",
        "repo": "clin-rs",
        "type": "github"
      }
    },
    "hjem": {
      "inputs": {
        "nixpkgs": [
          "nixpkgs"
        ]
      },
      "locked": {
        "lastModified": 1789234255,
        "narHash": "sha256-0nvWuRbgL4GEKpR8Y4wsB3kmsVgyd0cW8kLHc2BqlTc=",
        "owner": "feel-co",
        "repo": "hjem",
        "rev": "e5e30b4320a8cbcd6cdfc65f044763669a8f0363",
        "type": "github"
      },
      "original": {
        "owner": "feel-co",
        "repo": "hjem",
        "type": "github"
      }
    },
    "nixpkgs": {
      "locked": {
        "lastModified": 1789785513,
        "narHash": "sha256-B44WL6h0XoLjJ41bUPJk0X5SDinLCII//6EcBLXKiJ0=",
        "owner": "NixOS",
        "repo": "nixpkgs",
        "rev": "20b1ddd1aa5ace70c9468305030aa4f9ef79671b",
        "type": "github"
      },
      "original": {
        "owner": "NixOS",
        "ref": "nixos-unstable",
        "repo": "nixpkgs",
        "type": "github"
      }
    },
    "root": {
      "inputs": {
        "clin": "clin",
        "hjem": "hjem",
        "nixpkgs": "nixpkgs",
        "zen-browser": "zen-browser"
      }
    },
    "zen-browser": {
      "inputs": {
        "home-manager": [],
        "nixpkgs": [
          "nixpkgs"
        ]
      },
      "locked": {
        "lastModified": 1789763453,
        "narHash": "sha256-odKtnVD85ongiMfagtRXMdTQJoSmQHzmEBAH27QmFms=",
        "owner": "0xc000022070",
        "repo": "zen-browser-flake",
        "rev": "812a7ed1e6aa4ad468b4f9fd0d2bf908d52cf102",
        "type": "github"
      },
      "original": {
        "owner": "0xc000022070",
        "repo": "zen-browser-flake",
        "type": "github"
      }
    }
  },
  "root": "root",
  "version": 7
}
