{
  "nodes": {
    "hjem": {
      "inputs": {
        "nixpkgs": [
          "nixpkgs"
        ]
      },
      "locked": {
        "lastModified": 1785525782,
        "narHash": "sha256-M9v4zyKLYSVv2RYB4iYTg2THKvW3mDlj+fR1KvW9G3w=",
        "owner": "feel-co",
        "repo": "hjem",
        "rev": "d628ecda714785fddf86cad28ee4f506dc5b7eb9",
        "type": "github"
      },
      "original": {
        "owner": "feel-co",
        "repo": "hjem",
        "type": "github"
      }
    },
    "nixpkgs": {
      "locked": {
        "lastModified": 1785692966,
        "narHash": "sha256-vUfIeBEfpbAfZ5zjgIkYk7eHBeVfCYVjLbWnMkseYnk=",
        "owner": "NixOS",
        "repo": "nixpkgs",
        "rev": "643809054d65fdd466a63e3155b8c498cb483c04",
        "type": "github"
      },
      "original": {
        "owner": "NixOS",
        "ref": "nixos-unstable",
        "repo": "nixpkgs",
        "type": "github"
      }
    },
    "root": {
      "inputs": {
        "hjem": "hjem",
        "nixpkgs": "nixpkgs",
        "zen-browser": "zen-browser"
      }
    },
    "zen-browser": {
      "inputs": {
        "home-manager": [],
        "nixpkgs": [
          "nixpkgs"
        ]
      },
      "locked": {
        "lastModified": 1785745789,
        "narHash": "sha256-8wqlvoK8KjquQX3ohj7fXiDApXdUjJYklw6/wT1ZPnQ=",
        "owner": "0xc000022070",
        "repo": "zen-browser-flake",
        "rev": "b899cc7f943c8fd7abb0416d438d3f8a0ebc9540",
        "type": "github"
      },
      "original": {
        "owner": "0xc000022070",
        "repo": "zen-browser-flake",
        "type": "github"
      }
    }
  },
  "root": "root",
  "version": 7
}
